certifi==2018.11.29
chardet==3.0.4
coverage==4.5.2
Django==1.11.18
django-appconf==1.0.2
django-compressor==2.2
django-sass-processor==0.7.2
feedparser==5.2.1
future==0.17.1
idna==2.8
isodate==0.6.0
libsass==0.17.0
lxml==4.3.0
mysqlclient==1.3.14
Pillow==5.4.1
pip==18.1
pymarc==3.1.11
pyparsing==2.3.1
python-mimeparse==1.6.0
pytz==2018.9
rcssmin==1.0.6
rdflib==4.2.2
requests==2.21.0
rfc3339==6.0
rjsmin==1.0.12
setuptools==40.6.3
simplejson==3.16.0
six==1.12.0
solrpy==0.9.9
urllib3==1.24.1
worldcat==0.3.6
