certifi==2019.9.11
chardet==3.0.4
coverage==4.5.4
Django==2.2.7
feedparser==5.2.1
future==0.18.2
idna==2.8
isodate==0.6.0
lxml==4.4.1
mysqlclient==1.4.5
Pillow==6.2.1
pip==19.3.1
pymarc==3.1.13
pyparsing==2.4.4
python-mimeparse==1.6.0
pytz==2019.3
rdflib==4.2.2
requests==2.22.0
rfc3339==6.2
setuptools==41.6.0
simplejson==3.16.0
six==1.13.0
solrpy==0.9.9
sqlparse==0.3.0
urllib3==1.25.6
wheel==0.33.6
worldcat==0.3.6
