Django==1.8.18
Pillow==4.3.0
argparse==1.2.1
certifi==2017.7.27.1
chardet==3.0.4
coverage==4.4.1
feedparser==5.2.1
idna==2.6
isodate==0.5.4
lxml==4.0.0
mysqlclient==1.3.12
olefile==0.44
pymarc==3.1.7
pyparsing==2.2.0
python-mimeparse==1.6.0
rdflib==4.2.2
requests==2.18.4
rfc3339==5
simplejson==3.11.1
six==1.11.0
solrpy==0.9.7
urllib3==1.22
worldcat==0.3.6
wsgiref==0.1.2
